
Microsoft Visual Studio Solution File, Format Version 12.00
# Visual Studio Version 17
VisualStudioVersion = 17.6.33723.286
MinimumVisualStudioVersion = 10.0.40219.1
Project("{FAE04EC0-301F-11D3-BF4B-00C04F79EFBC}") = "TwoFactor_Auth", "TwoFactor_Auth.csproj", "{4508CC1E-292E-42EA-B526-47FB7B010BF5}"
EndProject
Global
	GlobalSection(SolutionConfigurationPlatforms) = preSolution
		Debug|Any CPU = Debug|Any CPU
		Release|Any CPU = Release|Any CPU
	EndGlobalSection
	GlobalSection(ProjectConfigurationPlatforms) = postSolution
		{4508CC1E-292E-42EA-B526-47FB7B010BF5}.Debug|Any CPU.ActiveCfg = Debug|Any CPU
		{4508CC1E-292E-42EA-B526-47FB7B010BF5}.Debug|Any CPU.Build.0 = Debug|Any CPU
		{4508CC1E-292E-42EA-B526-47FB7B010BF5}.Release|Any CPU.ActiveCfg = Release|Any CPU
		{4508CC1E-292E-42EA-B526-47FB7B010BF5}.Release|Any CPU.Build.0 = Release|Any CPU
	EndGlobalSection
	GlobalSection(SolutionProperties) = preSolution
		HideSolutionNode = FALSE
	EndGlobalSection
	GlobalSection(ExtensibilityGlobals) = postSolution
		SolutionGuid = {52850F98-A615-47A3-AD9D-81676945DD1E}
	EndGlobalSection
EndGlobal
